
Microsoft Visual Studio Solution File, Format Version 12.00
# Visual Studio Version 17
VisualStudioVersion = 17.5.33424.131
MinimumVisualStudioVersion = 10.0.40219.1
Project("{9A19103F-16F7-4668-BE54-9A1E7A4F7556}") = "Tuan01", "Tuan01\Tuan01.csproj", "{09ED1517-47A4-443B-811C-335C3522CD38}"
EndProject
Project("{9A19103F-16F7-4668-BE54-9A1E7A4F7556}") = "Tuan02-StringSplit", "Tuan02-StringSplit\Tuan02-StringSplit.csproj", "{80BF815D-3A08-4DEF-87AF-D091CE6EAE34}"
EndProject
Project("{9A19103F-16F7-4668-BE54-9A1E7A4F7556}") = "Tuan02-WPF", "Tuan02-WPF\Tuan02-WPF.csproj", "{1CFCCCD2-46F9-4298-8A99-26311CC5E6E6}"
EndProject
Project("{2150E333-8FDC-42A3-9474-1A3956D46DE8}") = "BTLTTuan02", "BTLTTuan02", "{BFB8B421-00E8-46F6-AC74-F2F6ADAFB2FF}"
EndProject
Project("{FAE04EC0-301F-11D3-BF4B-00C04F79EFBC}") = "BTLTTuan02", "BTLTTuan02\BTLTTuan02.csproj", "{8D843B1D-8C2A-429D-AC95-C8D4B5670F2D}"
EndProject
Project("{2150E333-8FDC-42A3-9474-1A3956D46DE8}") = "BTLTTuan01", "BTLTTuan01", "{66D6021A-060B-4CEB-AD9D-986B06B754C2}"
EndProject
Project("{9A19103F-16F7-4668-BE54-9A1E7A4F7556}") = "BTLTTuan01", "BTLTTuan01\BTLTTuan01.csproj", "{4C8FBF77-F467-42E4-991C-D7FDB5F9CF24}"
EndProject
Global
	GlobalSection(SolutionConfigurationPlatforms) = preSolution
		Debug|Any CPU = Debug|Any CPU
		Release|Any CPU = Release|Any CPU
	EndGlobalSection
	GlobalSection(ProjectConfigurationPlatforms) = postSolution
		{09ED1517-47A4-443B-811C-335C3522CD38}.Debug|Any CPU.ActiveCfg = Debug|Any CPU
		{09ED1517-47A4-443B-811C-335C3522CD38}.Debug|Any CPU.Build.0 = Debug|Any CPU
		{09ED1517-47A4-443B-811C-335C3522CD38}.Release|Any CPU.ActiveCfg = Release|Any CPU
		{09ED1517-47A4-443B-811C-335C3522CD38}.Release|Any CPU.Build.0 = Release|Any CPU
		{80BF815D-3A08-4DEF-87AF-D091CE6EAE34}.Debug|Any CPU.ActiveCfg = Debug|Any CPU
		{80BF815D-3A08-4DEF-87AF-D091CE6EAE34}.Debug|Any CPU.Build.0 = Debug|Any CPU
		{80BF815D-3A08-4DEF-87AF-D091CE6EAE34}.Release|Any CPU.ActiveCfg = Release|Any CPU
		{80BF815D-3A08-4DEF-87AF-D091CE6EAE34}.Release|Any CPU.Build.0 = Release|Any CPU
		{1CFCCCD2-46F9-4298-8A99-26311CC5E6E6}.Debug|Any CPU.ActiveCfg = Debug|Any CPU
		{1CFCCCD2-46F9-4298-8A99-26311CC5E6E6}.Debug|Any CPU.Build.0 = Debug|Any CPU
		{1CFCCCD2-46F9-4298-8A99-26311CC5E6E6}.Release|Any CPU.ActiveCfg = Release|Any CPU
		{1CFCCCD2-46F9-4298-8A99-26311CC5E6E6}.Release|Any CPU.Build.0 = Release|Any CPU
		{8D843B1D-8C2A-429D-AC95-C8D4B5670F2D}.Debug|Any CPU.ActiveCfg = Debug|Any CPU
		{8D843B1D-8C2A-429D-AC95-C8D4B5670F2D}.Debug|Any CPU.Build.0 = Debug|Any CPU
		{8D843B1D-8C2A-429D-AC95-C8D4B5670F2D}.Release|Any CPU.ActiveCfg = Release|Any CPU
		{8D843B1D-8C2A-429D-AC95-C8D4B5670F2D}.Release|Any CPU.Build.0 = Release|Any CPU
		{4C8FBF77-F467-42E4-991C-D7FDB5F9CF24}.Debug|Any CPU.ActiveCfg = Debug|Any CPU
		{4C8FBF77-F467-42E4-991C-D7FDB5F9CF24}.Debug|Any CPU.Build.0 = Debug|Any CPU
		{4C8FBF77-F467-42E4-991C-D7FDB5F9CF24}.Release|Any CPU.ActiveCfg = Release|Any CPU
		{4C8FBF77-F467-42E4-991C-D7FDB5F9CF24}.Release|Any CPU.Build.0 = Release|Any CPU
	EndGlobalSection
	GlobalSection(SolutionProperties) = preSolution
		HideSolutionNode = FALSE
	EndGlobalSection
	GlobalSection(NestedProjects) = preSolution
		{8D843B1D-8C2A-429D-AC95-C8D4B5670F2D} = {BFB8B421-00E8-46F6-AC74-F2F6ADAFB2FF}
		{4C8FBF77-F467-42E4-991C-D7FDB5F9CF24} = {66D6021A-060B-4CEB-AD9D-986B06B754C2}
	EndGlobalSection
	GlobalSection(ExtensibilityGlobals) = postSolution
		SolutionGuid = {73B08617-6874-43BD-8791-3EC8ABA2F4D4}
	EndGlobalSection
EndGlobal
