
Microsoft Visual Studio Solution File, Format Version 12.00
# Visual Studio Version 17
VisualStudioVersion = 17.5.33424.131
MinimumVisualStudioVersion = 10.0.40219.1
Project("{FAE04EC0-301F-11D3-BF4B-00C04F79EFBC}") = "BTLTTuan07-DataBinding", "BTLTTuan07-DataBinding.csproj", "{C0CB1257-FC73-4447-AC7A-B0670B7F3A78}"
EndProject
Global
	GlobalSection(SolutionConfigurationPlatforms) = preSolution
		Debug|Any CPU = Debug|Any CPU
		Release|Any CPU = Release|Any CPU
	EndGlobalSection
	GlobalSection(ProjectConfigurationPlatforms) = postSolution
		{C0CB1257-FC73-4447-AC7A-B0670B7F3A78}.Debug|Any CPU.ActiveCfg = Debug|Any CPU
		{C0CB1257-FC73-4447-AC7A-B0670B7F3A78}.Debug|Any CPU.Build.0 = Debug|Any CPU
		{C0CB1257-FC73-4447-AC7A-B0670B7F3A78}.Release|Any CPU.ActiveCfg = Release|Any CPU
		{C0CB1257-FC73-4447-AC7A-B0670B7F3A78}.Release|Any CPU.Build.0 = Release|Any CPU
	EndGlobalSection
	GlobalSection(SolutionProperties) = preSolution
		HideSolutionNode = FALSE
	EndGlobalSection
	GlobalSection(ExtensibilityGlobals) = postSolution
		SolutionGuid = {B57F3D1C-7467-48A9-8A10-14345B2C71C5}
	EndGlobalSection
EndGlobal
