
Microsoft Visual Studio Solution File, Format Version 12.00
# Visual Studio Version 17
VisualStudioVersion = 17.5.33424.131
MinimumVisualStudioVersion = 10.0.40219.1
Project("{FAE04EC0-301F-11D3-BF4B-00C04F79EFBC}") = "Tuan04-Inheritance", "Tuan04-Inheritance.csproj", "{B715BC2B-B6DA-4C9A-9CEE-46E0D54781A4}"
EndProject
Project("{9A19103F-16F7-4668-BE54-9A1E7A4F7556}") = "BTLTTuan03", "..\BTLTTuan03\BTLTTuan03.csproj", "{086086A1-57C6-44C1-84EA-7841D03EEFCA}"
EndProject
Global
	GlobalSection(SolutionConfigurationPlatforms) = preSolution
		Debug|Any CPU = Debug|Any CPU
		Release|Any CPU = Release|Any CPU
	EndGlobalSection
	GlobalSection(ProjectConfigurationPlatforms) = postSolution
		{B715BC2B-B6DA-4C9A-9CEE-46E0D54781A4}.Debug|Any CPU.ActiveCfg = Debug|Any CPU
		{B715BC2B-B6DA-4C9A-9CEE-46E0D54781A4}.Debug|Any CPU.Build.0 = Debug|Any CPU
		{B715BC2B-B6DA-4C9A-9CEE-46E0D54781A4}.Release|Any CPU.ActiveCfg = Release|Any CPU
		{B715BC2B-B6DA-4C9A-9CEE-46E0D54781A4}.Release|Any CPU.Build.0 = Release|Any CPU
		{086086A1-57C6-44C1-84EA-7841D03EEFCA}.Debug|Any CPU.ActiveCfg = Debug|Any CPU
		{086086A1-57C6-44C1-84EA-7841D03EEFCA}.Debug|Any CPU.Build.0 = Debug|Any CPU
		{086086A1-57C6-44C1-84EA-7841D03EEFCA}.Release|Any CPU.ActiveCfg = Release|Any CPU
		{086086A1-57C6-44C1-84EA-7841D03EEFCA}.Release|Any CPU.Build.0 = Release|Any CPU
	EndGlobalSection
	GlobalSection(SolutionProperties) = preSolution
		HideSolutionNode = FALSE
	EndGlobalSection
	GlobalSection(ExtensibilityGlobals) = postSolution
		SolutionGuid = {90332D12-7E02-4C08-9A30-A1E9F4DF8B16}
	EndGlobalSection
EndGlobal
