
Microsoft Visual Studio Solution File, Format Version 12.00
# Visual Studio Version 17
VisualStudioVersion = 17.5.33424.131
MinimumVisualStudioVersion = 10.0.40219.1
Project("{FAE04EC0-301F-11D3-BF4B-00C04F79EFBC}") = "BTLTTuan03", "BTLTTuan03.csproj", "{6345CAC5-9AED-42D7-9958-3A5055B48757}"
EndProject
Project("{9A19103F-16F7-4668-BE54-9A1E7A4F7556}") = "Tuan03-OOP", "..\Tuan03-OOP\Tuan03-OOP.csproj", "{A0431481-5270-4A9B-8A4C-EEE8016C9A93}"
EndProject
Global
	GlobalSection(SolutionConfigurationPlatforms) = preSolution
		Debug|Any CPU = Debug|Any CPU
		Release|Any CPU = Release|Any CPU
	EndGlobalSection
	GlobalSection(ProjectConfigurationPlatforms) = postSolution
		{6345CAC5-9AED-42D7-9958-3A5055B48757}.Debug|Any CPU.ActiveCfg = Debug|Any CPU
		{6345CAC5-9AED-42D7-9958-3A5055B48757}.Debug|Any CPU.Build.0 = Debug|Any CPU
		{6345CAC5-9AED-42D7-9958-3A5055B48757}.Release|Any CPU.ActiveCfg = Release|Any CPU
		{6345CAC5-9AED-42D7-9958-3A5055B48757}.Release|Any CPU.Build.0 = Release|Any CPU
		{A0431481-5270-4A9B-8A4C-EEE8016C9A93}.Debug|Any CPU.ActiveCfg = Debug|Any CPU
		{A0431481-5270-4A9B-8A4C-EEE8016C9A93}.Debug|Any CPU.Build.0 = Debug|Any CPU
		{A0431481-5270-4A9B-8A4C-EEE8016C9A93}.Release|Any CPU.ActiveCfg = Release|Any CPU
		{A0431481-5270-4A9B-8A4C-EEE8016C9A93}.Release|Any CPU.Build.0 = Release|Any CPU
	EndGlobalSection
	GlobalSection(SolutionProperties) = preSolution
		HideSolutionNode = FALSE
	EndGlobalSection
	GlobalSection(ExtensibilityGlobals) = postSolution
		SolutionGuid = {292F062B-0837-4A47-9223-1549FBB1E24C}
	EndGlobalSection
EndGlobal
