
Microsoft Visual Studio Solution File, Format Version 12.00
# Visual Studio Version 17
VisualStudioVersion = 17.5.33424.131
MinimumVisualStudioVersion = 10.0.40219.1
Project("{FAE04EC0-301F-11D3-BF4B-00C04F79EFBC}") = "Tuan07-DataBinding", "Tuan07-DataBinding.csproj", "{7D2FB790-97B6-425D-A8C9-024ECB84FFF4}"
EndProject
Global
	GlobalSection(SolutionConfigurationPlatforms) = preSolution
		Debug|Any CPU = Debug|Any CPU
		Release|Any CPU = Release|Any CPU
	EndGlobalSection
	GlobalSection(ProjectConfigurationPlatforms) = postSolution
		{7D2FB790-97B6-425D-A8C9-024ECB84FFF4}.Debug|Any CPU.ActiveCfg = Debug|Any CPU
		{7D2FB790-97B6-425D-A8C9-024ECB84FFF4}.Debug|Any CPU.Build.0 = Debug|Any CPU
		{7D2FB790-97B6-425D-A8C9-024ECB84FFF4}.Release|Any CPU.ActiveCfg = Release|Any CPU
		{7D2FB790-97B6-425D-A8C9-024ECB84FFF4}.Release|Any CPU.Build.0 = Release|Any CPU
	EndGlobalSection
	GlobalSection(SolutionProperties) = preSolution
		HideSolutionNode = FALSE
	EndGlobalSection
	GlobalSection(ExtensibilityGlobals) = postSolution
		SolutionGuid = {EF3D9F56-D05C-4F25-8D79-92E54FDF89A5}
	EndGlobalSection
EndGlobal
