
Microsoft Visual Studio Solution File, Format Version 12.00
# Visual Studio Version 17
VisualStudioVersion = 17.5.33424.131
MinimumVisualStudioVersion = 10.0.40219.1
Project("{FAE04EC0-301F-11D3-BF4B-00C04F79EFBC}") = "BTLTTuan05", "BTLTTuan05.csproj", "{5F6CBFA9-B89D-4A37-A9A2-BBF5AE1E68D2}"
EndProject
Global
	GlobalSection(SolutionConfigurationPlatforms) = preSolution
		Debug|Any CPU = Debug|Any CPU
		Release|Any CPU = Release|Any CPU
	EndGlobalSection
	GlobalSection(ProjectConfigurationPlatforms) = postSolution
		{5F6CBFA9-B89D-4A37-A9A2-BBF5AE1E68D2}.Debug|Any CPU.ActiveCfg = Debug|Any CPU
		{5F6CBFA9-B89D-4A37-A9A2-BBF5AE1E68D2}.Debug|Any CPU.Build.0 = Debug|Any CPU
		{5F6CBFA9-B89D-4A37-A9A2-BBF5AE1E68D2}.Release|Any CPU.ActiveCfg = Release|Any CPU
		{5F6CBFA9-B89D-4A37-A9A2-BBF5AE1E68D2}.Release|Any CPU.Build.0 = Release|Any CPU
	EndGlobalSection
	GlobalSection(SolutionProperties) = preSolution
		HideSolutionNode = FALSE
	EndGlobalSection
	GlobalSection(ExtensibilityGlobals) = postSolution
		SolutionGuid = {7D94689E-8C62-4649-A3D7-199D8C0B8171}
	EndGlobalSection
EndGlobal
